// !$*UTF8*$!
{
	archiveVersion = 1;
	classes = {
	};
	objectVersion = 46;
	objects = {

/* Begin PBXBuildFile section */
		CF483F6818F5E00300FD3AF1 /* iTunesArtwork@2x.png in Resources */ = {isa = PBXBuildFile; fileRef = CF483F6718F5E00300FD3AF1 /* iTunesArtwork@2x.png */; };
		CF483F6B18F5E0DC00FD3AF1 /* HFPUsernameViewController.m in Sources */ = {isa = PBXBuildFile; fileRef = CF483F6A18F5E0DC00FD3AF1 /* HFPUsernameViewController.m */; };
		CF483F6E18F609F600FD3AF1 /* tickGestureRecognizer.m in Sources */ = {isa = PBXBuildFile; fileRef = CF483F6D18F609F600FD3AF1 /* tickGestureRecognizer.m */; };
		CF483F7018F6376000FD3AF1 /* tick@2x.png in Resources */ = {isa = PBXBuildFile; fileRef = CF483F6F18F6376000FD3AF1 /* tick@2x.png */; };
		CF483F7318F63FA900FD3AF1 /* crossGestureRecognizer.m in Sources */ = {isa = PBXBuildFile; fileRef = CF483F7218F63FA900FD3AF1 /* crossGestureRecognizer.m */; };
		CF483F7518F64C8D00FD3AF1 /* cross@2x.png in Resources */ = {isa = PBXBuildFile; fileRef = CF483F7418F64C8D00FD3AF1 /* cross@2x.png */; };
		CF4CB4F518EE5894000E5A3D /* Foundation.framework in Frameworks */ = {isa = PBXBuildFile; fileRef = CF4CB4F418EE5894000E5A3D /* Foundation.framework */; };
		CF4CB4F718EE5894000E5A3D /* CoreGraphics.framework in Frameworks */ = {isa = PBXBuildFile; fileRef = CF4CB4F618EE5894000E5A3D /* CoreGraphics.framework */; };
		CF4CB4F918EE5894000E5A3D /* UIKit.framework in Frameworks */ = {isa = PBXBuildFile; fileRef = CF4CB4F818EE5894000E5A3D /* UIKit.framework */; };
		CF4CB4FF18EE5894000E5A3D /* InfoPlist.strings in Resources */ = {isa = PBXBuildFile; fileRef = CF4CB4FD18EE5894000E5A3D /* InfoPlist.strings */; };
		CF4CB50118EE5894000E5A3D /* main.m in Sources */ = {isa = PBXBuildFile; fileRef = CF4CB50018EE5894000E5A3D /* main.m */; };
		CF4CB50518EE5894000E5A3D /* HFPAppDelegate.m in Sources */ = {isa = PBXBuildFile; fileRef = CF4CB50418EE5894000E5A3D /* HFPAppDelegate.m */; };
		CF4CB50818EE5894000E5A3D /* Main.storyboard in Resources */ = {isa = PBXBuildFile; fileRef = CF4CB50618EE5894000E5A3D /* Main.storyboard */; };
		CF4CB50E18EE5894000E5A3D /* HFPDetailViewController.m in Sources */ = {isa = PBXBuildFile; fileRef = CF4CB50D18EE5894000E5A3D /* HFPDetailViewController.m */; };
		CF4CB51018EE5894000E5A3D /* Images.xcassets in Resources */ = {isa = PBXBuildFile; fileRef = CF4CB50F18EE5894000E5A3D /* Images.xcassets */; };
		CF4CB51718EE5894000E5A3D /* XCTest.framework in Frameworks */ = {isa = PBXBuildFile; fileRef = CF4CB51618EE5894000E5A3D /* XCTest.framework */; };
		CF4CB51818EE5894000E5A3D /* Foundation.framework in Frameworks */ = {isa = PBXBuildFile; fileRef = CF4CB4F418EE5894000E5A3D /* Foundation.framework */; };
		CF4CB51918EE5894000E5A3D /* UIKit.framework in Frameworks */ = {isa = PBXBuildFile; fileRef = CF4CB4F818EE5894000E5A3D /* UIKit.framework */; };
		CF4CB52118EE5894000E5A3D /* InfoPlist.strings in Resources */ = {isa = PBXBuildFile; fileRef = CF4CB51F18EE5894000E5A3D /* InfoPlist.strings */; };
		CF4CB52318EE5894000E5A3D /* HumanFactorsTests.m in Sources */ = {isa = PBXBuildFile; fileRef = CF4CB52218EE5894000E5A3D /* HumanFactorsTests.m */; };
		CF4CB52D18EE6401000E5A3D /* QuartzCore.framework in Frameworks */ = {isa = PBXBuildFile; fileRef = CF4CB52C18EE6401000E5A3D /* QuartzCore.framework */; };
		CF4CB52F18EE6406000E5A3D /* AudioToolbox.framework in Frameworks */ = {isa = PBXBuildFile; fileRef = CF4CB52E18EE6406000E5A3D /* AudioToolbox.framework */; };
		CF4CB53118EE6414000E5A3D /* Fleksy.framework in Frameworks */ = {isa = PBXBuildFile; fileRef = CF4CB53018EE6414000E5A3D /* Fleksy.framework */; };
		CFA044F618F4E90B0037970F /* MagicalImportFunctions.m in Sources */ = {isa = PBXBuildFile; fileRef = CFA044BD18F4E90B0037970F /* MagicalImportFunctions.m */; };
		CFA044F718F4E90B0037970F /* NSAttributeDescription+MagicalDataImport.m in Sources */ = {isa = PBXBuildFile; fileRef = CFA044BF18F4E90B0037970F /* NSAttributeDescription+MagicalDataImport.m */; };
		CFA044F818F4E90B0037970F /* NSEntityDescription+MagicalDataImport.m in Sources */ = {isa = PBXBuildFile; fileRef = CFA044C118F4E90B0037970F /* NSEntityDescription+MagicalDataImport.m */; };
		CFA044F918F4E90B0037970F /* NSNumber+MagicalDataImport.m in Sources */ = {isa = PBXBuildFile; fileRef = CFA044C318F4E90B0037970F /* NSNumber+MagicalDataImport.m */; };
		CFA044FA18F4E90B0037970F /* NSObject+MagicalDataImport.m in Sources */ = {isa = PBXBuildFile; fileRef = CFA044C518F4E90B0037970F /* NSObject+MagicalDataImport.m */; };
		CFA044FB18F4E90B0037970F /* NSRelationshipDescription+MagicalDataImport.m in Sources */ = {isa = PBXBuildFile; fileRef = CFA044C718F4E90B0037970F /* NSRelationshipDescription+MagicalDataImport.m */; };
		CFA044FC18F4E90B0037970F /* NSString+MagicalDataImport.m in Sources */ = {isa = PBXBuildFile; fileRef = CFA044C918F4E90B0037970F /* NSString+MagicalDataImport.m */; };
		CFA044FD18F4E90B0037970F /* NSManagedObject+MagicalAggregation.m in Sources */ = {isa = PBXBuildFile; fileRef = CFA044CC18F4E90B0037970F /* NSManagedObject+MagicalAggregation.m */; };
		CFA044FE18F4E90B0037970F /* NSManagedObject+MagicalDataImport.m in Sources */ = {isa = PBXBuildFile; fileRef = CFA044CE18F4E90B0037970F /* NSManagedObject+MagicalDataImport.m */; };
		CFA044FF18F4E90B0037970F /* NSManagedObject+MagicalFinders.m in Sources */ = {isa = PBXBuildFile; fileRef = CFA044D018F4E90B0037970F /* NSManagedObject+MagicalFinders.m */; };
		CFA0450018F4E90B0037970F /* NSManagedObject+MagicalRecord.m in Sources */ = {isa = PBXBuildFile; fileRef = CFA044D218F4E90B0037970F /* NSManagedObject+MagicalRecord.m */; };
		CFA0450118F4E90B0037970F /* NSManagedObject+MagicalRequests.m in Sources */ = {isa = PBXBuildFile; fileRef = CFA044D418F4E90B0037970F /* NSManagedObject+MagicalRequests.m */; };
		CFA0450218F4E90B0037970F /* NSManagedObjectContext+MagicalObserving.m in Sources */ = {isa = PBXBuildFile; fileRef = CFA044D718F4E90B0037970F /* NSManagedObjectContext+MagicalObserving.m */; };
		CFA0450318F4E90B0037970F /* NSManagedObjectContext+MagicalRecord.m in Sources */ = {isa = PBXBuildFile; fileRef = CFA044D918F4E90B0037970F /* NSManagedObjectContext+MagicalRecord.m */; };
		CFA0450418F4E90B0037970F /* NSManagedObjectContext+MagicalSaves.m in Sources */ = {isa = PBXBuildFile; fileRef = CFA044DB18F4E90B0037970F /* NSManagedObjectContext+MagicalSaves.m */; };
		CFA0450518F4E90B0037970F /* NSManagedObjectContext+MagicalThreading.m in Sources */ = {isa = PBXBuildFile; fileRef = CFA044DD18F4E90B0037970F /* NSManagedObjectContext+MagicalThreading.m */; };
		CFA0450618F4E90B0037970F /* NSManagedObjectModel+MagicalRecord.m in Sources */ = {isa = PBXBuildFile; fileRef = CFA044DF18F4E90B0037970F /* NSManagedObjectModel+MagicalRecord.m */; };
		CFA0450718F4E90B0037970F /* NSPersistentStore+MagicalRecord.m in Sources */ = {isa = PBXBuildFile; fileRef = CFA044E118F4E90B0037970F /* NSPersistentStore+MagicalRecord.m */; };
		CFA0450818F4E90B0037970F /* NSPersistentStoreCoordinator+MagicalRecord.m in Sources */ = {isa = PBXBuildFile; fileRef = CFA044E318F4E90B0037970F /* NSPersistentStoreCoordinator+MagicalRecord.m */; };
		CFA0450918F4E90B0037970F /* MagicalRecord+Actions.m in Sources */ = {isa = PBXBuildFile; fileRef = CFA044E618F4E90B0037970F /* MagicalRecord+Actions.m */; };
		CFA0450A18F4E90B0037970F /* MagicalRecord+ErrorHandling.m in Sources */ = {isa = PBXBuildFile; fileRef = CFA044E818F4E90B0037970F /* MagicalRecord+ErrorHandling.m */; };
		CFA0450B18F4E90B0037970F /* MagicalRecord+iCloud.m in Sources */ = {isa = PBXBuildFile; fileRef = CFA044EA18F4E90B0037970F /* MagicalRecord+iCloud.m */; };
		CFA0450C18F4E90B0037970F /* MagicalRecord+Options.m in Sources */ = {isa = PBXBuildFile; fileRef = CFA044EC18F4E90B0037970F /* MagicalRecord+Options.m */; };
		CFA0450D18F4E90B0037970F /* MagicalRecord+Setup.m in Sources */ = {isa = PBXBuildFile; fileRef = CFA044EE18F4E90B0037970F /* MagicalRecord+Setup.m */; };
		CFA0450E18F4E90B0037970F /* MagicalRecord+ShorthandSupport.m in Sources */ = {isa = PBXBuildFile; fileRef = CFA044F018F4E90B0037970F /* MagicalRecord+ShorthandSupport.m */; };
		CFA0450F18F4E90B0037970F /* MagicalRecord.m in Sources */ = {isa = PBXBuildFile; fileRef = CFA044F218F4E90B0037970F /* MagicalRecord.m */; };
		CFA0451218F4EDBF0037970F /* dataModel.xcdatamodeld in Sources */ = {isa = PBXBuildFile; fileRef = CFA0451018F4EDBF0037970F /* dataModel.xcdatamodeld */; };
		CFA0451518F4EF4E0037970F /* PhraseMeasure.m in Sources */ = {isa = PBXBuildFile; fileRef = CFA0451418F4EF4E0037970F /* PhraseMeasure.m */; };
		CFCE766218EF435B00168802 /* ILOVETYPO@2x.png in Resources */ = {isa = PBXBuildFile; fileRef = CFCE766118EF435B00168802 /* ILOVETYPO@2x.png */; };
		CFFF158C18F5880C00295274 /* HFPStatsTableViewController.m in Sources */ = {isa = PBXBuildFile; fileRef = CFFF158B18F5880C00295274 /* HFPStatsTableViewController.m */; };
		CFFF159018F58ABD00295274 /* HFPPhraseMeasureTableViewCell.m in Sources */ = {isa = PBXBuildFile; fileRef = CFFF158F18F58ABD00295274 /* HFPPhraseMeasureTableViewCell.m */; };
/* End PBXBuildFile section */

/* Begin PBXContainerItemProxy section */
		CF4CB51A18EE5894000E5A3D /* PBXContainerItemProxy */ = {
			isa = PBXContainerItemProxy;
			containerPortal = CF4CB4E918EE5893000E5A3D /* Project object */;
			proxyType = 1;
			remoteGlobalIDString = CF4CB4F018EE5893000E5A3D;
			remoteInfo = HumanFactors;
		};
/* End PBXContainerItemProxy section */

/* Begin PBXFileReference section */
		CF483F6718F5E00300FD3AF1 /* iTunesArtwork@2x.png */ = {isa = PBXFileReference; lastKnownFileType = image.png; path = "iTunesArtwork@2x.png"; sourceTree = "<group>"; };
		CF483F6918F5E0DC00FD3AF1 /* HFPUsernameViewController.h */ = {isa = PBXFileReference; fileEncoding = 4; lastKnownFileType = sourcecode.c.h; path = HFPUsernameViewController.h; sourceTree = "<group>"; };
		CF483F6A18F5E0DC00FD3AF1 /* HFPUsernameViewController.m */ = {isa = PBXFileReference; fileEncoding = 4; lastKnownFileType = sourcecode.c.objc; path = HFPUsernameViewController.m; sourceTree = "<group>"; };
		CF483F6C18F609F600FD3AF1 /* tickGestureRecognizer.h */ = {isa = PBXFileReference; fileEncoding = 4; lastKnownFileType = sourcecode.c.h; path = tickGestureRecognizer.h; sourceTree = "<group>"; };
		CF483F6D18F609F600FD3AF1 /* tickGestureRecognizer.m */ = {isa = PBXFileReference; fileEncoding = 4; lastKnownFileType = sourcecode.c.objc; path = tickGestureRecognizer.m; sourceTree = "<group>"; };
		CF483F6F18F6376000FD3AF1 /* tick@2x.png */ = {isa = PBXFileReference; lastKnownFileType = image.png; path = "tick@2x.png"; sourceTree = "<group>"; };
		CF483F7118F63FA900FD3AF1 /* crossGestureRecognizer.h */ = {isa = PBXFileReference; fileEncoding = 4; lastKnownFileType = sourcecode.c.h; path = crossGestureRecognizer.h; sourceTree = "<group>"; };
		CF483F7218F63FA900FD3AF1 /* crossGestureRecognizer.m */ = {isa = PBXFileReference; fileEncoding = 4; lastKnownFileType = sourcecode.c.objc; path = crossGestureRecognizer.m; sourceTree = "<group>"; };
		CF483F7418F64C8D00FD3AF1 /* cross@2x.png */ = {isa = PBXFileReference; lastKnownFileType = image.png; path = "cross@2x.png"; sourceTree = "<group>"; };
		CF4CB4F118EE5894000E5A3D /* HumanFactors.app */ = {isa = PBXFileReference; explicitFileType = wrapper.application; includeInIndex = 0; path = HumanFactors.app; sourceTree = BUILT_PRODUCTS_DIR; };
		CF4CB4F418EE5894000E5A3D /* Foundation.framework */ = {isa = PBXFileReference; lastKnownFileType = wrapper.framework; name = Foundation.framework; path = System/Library/Frameworks/Foundation.framework; sourceTree = SDKROOT; };
		CF4CB4F618EE5894000E5A3D /* CoreGraphics.framework */ = {isa = PBXFileReference; lastKnownFileType = wrapper.framework; name = CoreGraphics.framework; path = System/Library/Frameworks/CoreGraphics.framework; sourceTree = SDKROOT; };
		CF4CB4F818EE5894000E5A3D /* UIKit.framework */ = {isa = PBXFileReference; lastKnownFileType = wrapper.framework; name = UIKit.framework; path = System/Library/Frameworks/UIKit.framework; sourceTree = SDKROOT; };
		CF4CB4FC18EE5894000E5A3D /* HumanFactors-Info.plist */ = {isa = PBXFileReference; lastKnownFileType = text.plist.xml; path = "HumanFactors-Info.plist"; sourceTree = "<group>"; };
		CF4CB4FE18EE5894000E5A3D /* en */ = {isa = PBXFileReference; lastKnownFileType = text.plist.strings; name = en; path = en.lproj/InfoPlist.strings; sourceTree = "<group>"; };
		CF4CB50018EE5894000E5A3D /* main.m */ = {isa = PBXFileReference; lastKnownFileType = sourcecode.c.objc; path = main.m; sourceTree = "<group>"; };
		CF4CB50218EE5894000E5A3D /* HumanFactors-Prefix.pch */ = {isa = PBXFileReference; lastKnownFileType = sourcecode.c.h; path = "HumanFactors-Prefix.pch"; sourceTree = "<group>"; };
		CF4CB50318EE5894000E5A3D /* HFPAppDelegate.h */ = {isa = PBXFileReference; lastKnownFileType = sourcecode.c.h; path = HFPAppDelegate.h; sourceTree = "<group>"; };
		CF4CB50418EE5894000E5A3D /* HFPAppDelegate.m */ = {isa = PBXFileReference; lastKnownFileType = sourcecode.c.objc; path = HFPAppDelegate.m; sourceTree = "<group>"; };
		CF4CB50718EE5894000E5A3D /* Base */ = {isa = PBXFileReference; lastKnownFileType = file.storyboard; name = Base; path = Base.lproj/Main.storyboard; sourceTree = "<group>"; };
		CF4CB50C18EE5894000E5A3D /* HFPDetailViewController.h */ = {isa = PBXFileReference; lastKnownFileType = sourcecode.c.h; path = HFPDetailViewController.h; sourceTree = "<group>"; };
		CF4CB50D18EE5894000E5A3D /* HFPDetailViewController.m */ = {isa = PBXFileReference; lastKnownFileType = sourcecode.c.objc; path = HFPDetailViewController.m; sourceTree = "<group>"; };
		CF4CB50F18EE5894000E5A3D /* Images.xcassets */ = {isa = PBXFileReference; lastKnownFileType = folder.assetcatalog; path = Images.xcassets; sourceTree = "<group>"; };
		CF4CB51518EE5894000E5A3D /* HumanFactorsTests.xctest */ = {isa = PBXFileReference; explicitFileType = wrapper.cfbundle; includeInIndex = 0; path = HumanFactorsTests.xctest; sourceTree = BUILT_PRODUCTS_DIR; };
		CF4CB51618EE5894000E5A3D /* XCTest.framework */ = {isa = PBXFileReference; lastKnownFileType = wrapper.framework; name = XCTest.framework; path = Library/Frameworks/XCTest.framework; sourceTree = DEVELOPER_DIR; };
		CF4CB51E18EE5894000E5A3D /* HumanFactorsTests-Info.plist */ = {isa = PBXFileReference; lastKnownFileType = text.plist.xml; path = "HumanFactorsTests-Info.plist"; sourceTree = "<group>"; };
		CF4CB52018EE5894000E5A3D /* en */ = {isa = PBXFileReference; lastKnownFileType = text.plist.strings; name = en; path = en.lproj/InfoPlist.strings; sourceTree = "<group>"; };
		CF4CB52218EE5894000E5A3D /* HumanFactorsTests.m */ = {isa = PBXFileReference; lastKnownFileType = sourcecode.c.objc; path = HumanFactorsTests.m; sourceTree = "<group>"; };
		CF4CB52C18EE6401000E5A3D /* QuartzCore.framework */ = {isa = PBXFileReference; lastKnownFileType = wrapper.framework; name = QuartzCore.framework; path = System/Library/Frameworks/QuartzCore.framework; sourceTree = SDKROOT; };
		CF4CB52E18EE6406000E5A3D /* AudioToolbox.framework */ = {isa = PBXFileReference; lastKnownFileType = wrapper.framework; name = AudioToolbox.framework; path = System/Library/Frameworks/AudioToolbox.framework; sourceTree = SDKROOT; };
		CF4CB53018EE6414000E5A3D /* Fleksy.framework */ = {isa = PBXFileReference; lastKnownFileType = wrapper.framework; path = Fleksy.framework; sourceTree = "<group>"; };
		CFA044BC18F4E90B0037970F /* MagicalImportFunctions.h */ = {isa = PBXFileReference; fileEncoding = 4; lastKnownFileType = sourcecode.c.h; path = MagicalImportFunctions.h; sourceTree = "<group>"; };
		CFA044BD18F4E90B0037970F /* MagicalImportFunctions.m */ = {isa = PBXFileReference; fileEncoding = 4; lastKnownFileType = sourcecode.c.objc; path = MagicalImportFunctions.m; sourceTree = "<group>"; };
		CFA044BE18F4E90B0037970F /* NSAttributeDescription+MagicalDataImport.h */ = {isa = PBXFileReference; fileEncoding = 4; lastKnownFileType = sourcecode.c.h; path = "NSAttributeDescription+MagicalDataImport.h"; sourceTree = "<group>"; };
		CFA044BF18F4E90B0037970F /* NSAttributeDescription+MagicalDataImport.m */ = {isa = PBXFileReference; fileEncoding = 4; lastKnownFileType = sourcecode.c.objc; path = "NSAttributeDescription+MagicalDataImport.m"; sourceTree = "<group>"; };
		CFA044C018F4E90B0037970F /* NSEntityDescription+MagicalDataImport.h */ = {isa = PBXFileReference; fileEncoding = 4; lastKnownFileType = sourcecode.c.h; path = "NSEntityDescription+MagicalDataImport.h"; sourceTree = "<group>"; };
		CFA044C118F4E90B0037970F /* NSEntityDescription+MagicalDataImport.m */ = {isa = PBXFileReference; fileEncoding = 4; lastKnownFileType = sourcecode.c.objc; path = "NSEntityDescription+MagicalDataImport.m"; sourceTree = "<group>"; };
		CFA044C218F4E90B0037970F /* NSNumber+MagicalDataImport.h */ = {isa = PBXFileReference; fileEncoding = 4; lastKnownFileType = sourcecode.c.h; path = "NSNumber+MagicalDataImport.h"; sourceTree = "<group>"; };
		CFA044C318F4E90B0037970F /* NSNumber+MagicalDataImport.m */ = {isa = PBXFileReference; fileEncoding = 4; lastKnownFileType = sourcecode.c.objc; path = "NSNumber+MagicalDataImport.m"; sourceTree = "<group>"; };
		CFA044C418F4E90B0037970F /* NSObject+MagicalDataImport.h */ = {isa = PBXFileReference; fileEncoding = 4; lastKnownFileType = sourcecode.c.h; path = "NSObject+MagicalDataImport.h"; sourceTree = "<group>"; };
		CFA044C518F4E90B0037970F /* NSObject+MagicalDataImport.m */ = {isa = PBXFileReference; fileEncoding = 4; lastKnownFileType = sourcecode.c.objc; path = "NSObject+MagicalDataImport.m"; sourceTree = "<group>"; };
		CFA044C618F4E90B0037970F /* NSRelationshipDescription+MagicalDataImport.h */ = {isa = PBXFileReference; fileEncoding = 4; lastKnownFileType = sourcecode.c.h; path = "NSRelationshipDescription+MagicalDataImport.h"; sourceTree = "<group>"; };
		CFA044C718F4E90B0037970F /* NSRelationshipDescription+MagicalDataImport.m */ = {isa = PBXFileReference; fileEncoding = 4; lastKnownFileType = sourcecode.c.objc; path = "NSRelationshipDescription+MagicalDataImport.m"; sourceTree = "<group>"; };
		CFA044C818F4E90B0037970F /* NSString+MagicalDataImport.h */ = {isa = PBXFileReference; fileEncoding = 4; lastKnownFileType = sourcecode.c.h; path = "NSString+MagicalDataImport.h"; sourceTree = "<group>"; };
		CFA044C918F4E90B0037970F /* NSString+MagicalDataImport.m */ = {isa = PBXFileReference; fileEncoding = 4; lastKnownFileType = sourcecode.c.objc; path = "NSString+MagicalDataImport.m"; sourceTree = "<group>"; };
		CFA044CB18F4E90B0037970F /* NSManagedObject+MagicalAggregation.h */ = {isa = PBXFileReference; fileEncoding = 4; lastKnownFileType = sourcecode.c.h; path = "NSManagedObject+MagicalAggregation.h"; sourceTree = "<group>"; };
		CFA044CC18F4E90B0037970F /* NSManagedObject+MagicalAggregation.m */ = {isa = PBXFileReference; fileEncoding = 4; lastKnownFileType = sourcecode.c.objc; path = "NSManagedObject+MagicalAggregation.m"; sourceTree = "<group>"; };
		CFA044CD18F4E90B0037970F /* NSManagedObject+MagicalDataImport.h */ = {isa = PBXFileReference; fileEncoding = 4; lastKnownFileType = sourcecode.c.h; path = "NSManagedObject+MagicalDataImport.h"; sourceTree = "<group>"; };
		CFA044CE18F4E90B0037970F /* NSManagedObject+MagicalDataImport.m */ = {isa = PBXFileReference; fileEncoding = 4; lastKnownFileType = sourcecode.c.objc; path = "NSManagedObject+MagicalDataImport.m"; sourceTree = "<group>"; };
		CFA044CF18F4E90B0037970F /* NSManagedObject+MagicalFinders.h */ = {isa = PBXFileReference; fileEncoding = 4; lastKnownFileType = sourcecode.c.h; path = "NSManagedObject+MagicalFinders.h"; sourceTree = "<group>"; };
		CFA044D018F4E90B0037970F /* NSManagedObject+MagicalFinders.m */ = {isa = PBXFileReference; fileEncoding = 4; lastKnownFileType = sourcecode.c.objc; path = "NSManagedObject+MagicalFinders.m"; sourceTree = "<group>"; };
		CFA044D118F4E90B0037970F /* NSManagedObject+MagicalRecord.h */ = {isa = PBXFileReference; fileEncoding = 4; lastKnownFileType = sourcecode.c.h; path = "NSManagedObject+MagicalRecord.h"; sourceTree = "<group>"; };
		CFA044D218F4E90B0037970F /* NSManagedObject+MagicalRecord.m */ = {isa = PBXFileReference; fileEncoding = 4; lastKnownFileType = sourcecode.c.objc; path = "NSManagedObject+MagicalRecord.m"; sourceTree = "<group>"; };
		CFA044D318F4E90B0037970F /* NSManagedObject+MagicalRequests.h */ = {isa = PBXFileReference; fileEncoding = 4; lastKnownFileType = sourcecode.c.h; path = "NSManagedObject+MagicalRequests.h"; sourceTree = "<group>"; };
		CFA044D418F4E90B0037970F /* NSManagedObject+MagicalRequests.m */ = {isa = PBXFileReference; fileEncoding = 4; lastKnownFileType = sourcecode.c.objc; path = "NSManagedObject+MagicalRequests.m"; sourceTree = "<group>"; };
		CFA044D618F4E90B0037970F /* NSManagedObjectContext+MagicalObserving.h */ = {isa = PBXFileReference; fileEncoding = 4; lastKnownFileType = sourcecode.c.h; path = "NSManagedObjectContext+MagicalObserving.h"; sourceTree = "<group>"; };
		CFA044D718F4E90B0037970F /* NSManagedObjectContext+MagicalObserving.m */ = {isa = PBXFileReference; fileEncoding = 4; lastKnownFileType = sourcecode.c.objc; path = "NSManagedObjectContext+MagicalObserving.m"; sourceTree = "<group>"; };
		CFA044D818F4E90B0037970F /* NSManagedObjectContext+MagicalRecord.h */ = {isa = PBXFileReference; fileEncoding = 4; lastKnownFileType = sourcecode.c.h; path = "NSManagedObjectContext+MagicalRecord.h"; sourceTree = "<group>"; };
		CFA044D918F4E90B0037970F /* NSManagedObjectContext+MagicalRecord.m */ = {isa = PBXFileReference; fileEncoding = 4; lastKnownFileType = sourcecode.c.objc; path = "NSManagedObjectContext+MagicalRecord.m"; sourceTree = "<group>"; };
		CFA044DA18F4E90B0037970F /* NSManagedObjectContext+MagicalSaves.h */ = {isa = PBXFileReference; fileEncoding = 4; lastKnownFileType = sourcecode.c.h; path = "NSManagedObjectContext+MagicalSaves.h"; sourceTree = "<group>"; };
		CFA044DB18F4E90B0037970F /* NSManagedObjectContext+MagicalSaves.m */ = {isa = PBXFileReference; fileEncoding = 4; lastKnownFileType = sourcecode.c.objc; path = "NSManagedObjectContext+MagicalSaves.m"; sourceTree = "<group>"; };
		CFA044DC18F4E90B0037970F /* NSManagedObjectContext+MagicalThreading.h */ = {isa = PBXFileReference; fileEncoding = 4; lastKnownFileType = sourcecode.c.h; path = "NSManagedObjectContext+MagicalThreading.h"; sourceTree = "<group>"; };
		CFA044DD18F4E90B0037970F /* NSManagedObjectContext+MagicalThreading.m */ = {isa = PBXFileReference; fileEncoding = 4; lastKnownFileType = sourcecode.c.objc; path = "NSManagedObjectContext+MagicalThreading.m"; sourceTree = "<group>"; };
		CFA044DE18F4E90B0037970F /* NSManagedObjectModel+MagicalRecord.h */ = {isa = PBXFileReference; fileEncoding = 4; lastKnownFileType = sourcecode.c.h; path = "NSManagedObjectModel+MagicalRecord.h"; sourceTree = "<group>"; };
		CFA044DF18F4E90B0037970F /* NSManagedObjectModel+MagicalRecord.m */ = {isa = PBXFileReference; fileEncoding = 4; lastKnownFileType = sourcecode.c.objc; path = "NSManagedObjectModel+MagicalRecord.m"; sourceTree = "<group>"; };
		CFA044E018F4E90B0037970F /* NSPersistentStore+MagicalRecord.h */ = {isa = PBXFileReference; fileEncoding = 4; lastKnownFileType = sourcecode.c.h; path = "NSPersistentStore+MagicalRecord.h"; sourceTree = "<group>"; };
		CFA044E118F4E90B0037970F /* NSPersistentStore+MagicalRecord.m */ = {isa = PBXFileReference; fileEncoding = 4; lastKnownFileType = sourcecode.c.objc; path = "NSPersistentStore+MagicalRecord.m"; sourceTree = "<group>"; };
		CFA044E218F4E90B0037970F /* NSPersistentStoreCoordinator+MagicalRecord.h */ = {isa = PBXFileReference; fileEncoding = 4; lastKnownFileType = sourcecode.c.h; path = "NSPersistentStoreCoordinator+MagicalRecord.h"; sourceTree = "<group>"; };
		CFA044E318F4E90B0037970F /* NSPersistentStoreCoordinator+MagicalRecord.m */ = {isa = PBXFileReference; fileEncoding = 4; lastKnownFileType = sourcecode.c.objc; path = "NSPersistentStoreCoordinator+MagicalRecord.m"; sourceTree = "<group>"; };
		CFA044E518F4E90B0037970F /* MagicalRecord+Actions.h */ = {isa = PBXFileReference; fileEncoding = 4; lastKnownFileType = sourcecode.c.h; path = "MagicalRecord+Actions.h"; sourceTree = "<group>"; };
		CFA044E618F4E90B0037970F /* MagicalRecord+Actions.m */ = {isa = PBXFileReference; fileEncoding = 4; lastKnownFileType = sourcecode.c.objc; path = "MagicalRecord+Actions.m"; sourceTree = "<group>"; };
		CFA044E718F4E90B0037970F /* MagicalRecord+ErrorHandling.h */ = {isa = PBXFileReference; fileEncoding = 4; lastKnownFileType = sourcecode.c.h; path = "MagicalRecord+ErrorHandling.h"; sourceTree = "<group>"; };
		CFA044E818F4E90B0037970F /* MagicalRecord+ErrorHandling.m */ = {isa = PBXFileReference; fileEncoding = 4; lastKnownFileType = sourcecode.c.objc; path = "MagicalRecord+ErrorHandling.m"; sourceTree = "<group>"; };
		CFA044E918F4E90B0037970F /* MagicalRecord+iCloud.h */ = {isa = PBXFileReference; fileEncoding = 4; lastKnownFileType = sourcecode.c.h; path = "MagicalRecord+iCloud.h"; sourceTree = "<group>"; };
		CFA044EA18F4E90B0037970F /* MagicalRecord+iCloud.m */ = {isa = PBXFileReference; fileEncoding = 4; lastKnownFileType = sourcecode.c.objc; path = "MagicalRecord+iCloud.m"; sourceTree = "<group>"; };
		CFA044EB18F4E90B0037970F /* MagicalRecord+Options.h */ = {isa = PBXFileReference; fileEncoding = 4; lastKnownFileType = sourcecode.c.h; path = "MagicalRecord+Options.h"; sourceTree = "<group>"; };
		CFA044EC18F4E90B0037970F /* MagicalRecord+Options.m */ = {isa = PBXFileReference; fileEncoding = 4; lastKnownFileType = sourcecode.c.objc; path = "MagicalRecord+Options.m"; sourceTree = "<group>"; };
		CFA044ED18F4E90B0037970F /* MagicalRecord+Setup.h */ = {isa = PBXFileReference; fileEncoding = 4; lastKnownFileType = sourcecode.c.h; path = "MagicalRecord+Setup.h"; sourceTree = "<group>"; };
		CFA044EE18F4E90B0037970F /* MagicalRecord+Setup.m */ = {isa = PBXFileReference; fileEncoding = 4; lastKnownFileType = sourcecode.c.objc; path = "MagicalRecord+Setup.m"; sourceTree = "<group>"; };
		CFA044EF18F4E90B0037970F /* MagicalRecord+ShorthandSupport.h */ = {isa = PBXFileReference; fileEncoding = 4; lastKnownFileType = sourcecode.c.h; path = "MagicalRecord+ShorthandSupport.h"; sourceTree = "<group>"; };
		CFA044F018F4E90B0037970F /* MagicalRecord+ShorthandSupport.m */ = {isa = PBXFileReference; fileEncoding = 4; lastKnownFileType = sourcecode.c.objc; path = "MagicalRecord+ShorthandSupport.m"; sourceTree = "<group>"; };
		CFA044F118F4E90B0037970F /* MagicalRecord.h */ = {isa = PBXFileReference; fileEncoding = 4; lastKnownFileType = sourcecode.c.h; path = MagicalRecord.h; sourceTree = "<group>"; };
		CFA044F218F4E90B0037970F /* MagicalRecord.m */ = {isa = PBXFileReference; fileEncoding = 4; lastKnownFileType = sourcecode.c.objc; path = MagicalRecord.m; sourceTree = "<group>"; };
		CFA044F318F4E90B0037970F /* MagicalRecordLogging.h */ = {isa = PBXFileReference; fileEncoding = 4; lastKnownFileType = sourcecode.c.h; path = MagicalRecordLogging.h; sourceTree = "<group>"; };
		CFA044F418F4E90B0037970F /* MagicalRecordShorthand.h */ = {isa = PBXFileReference; fileEncoding = 4; lastKnownFileType = sourcecode.c.h; path = MagicalRecordShorthand.h; sourceTree = "<group>"; };
		CFA044F518F4E90B0037970F /* CoreData+MagicalRecord.h */ = {isa = PBXFileReference; fileEncoding = 4; lastKnownFileType = sourcecode.c.h; path = "CoreData+MagicalRecord.h"; sourceTree = "<group>"; };
		CFA0451118F4EDBF0037970F /* dataModel.xcdatamodel */ = {isa = PBXFileReference; lastKnownFileType = wrapper.xcdatamodel; path = dataModel.xcdatamodel; sourceTree = "<group>"; };
		CFA0451318F4EF4E0037970F /* PhraseMeasure.h */ = {isa = PBXFileReference; fileEncoding = 4; lastKnownFileType = sourcecode.c.h; path = PhraseMeasure.h; sourceTree = "<group>"; };
		CFA0451418F4EF4E0037970F /* PhraseMeasure.m */ = {isa = PBXFileReference; fileEncoding = 4; lastKnownFileType = sourcecode.c.objc; path = PhraseMeasure.m; sourceTree = "<group>"; };
		CFCE766118EF435B00168802 /* ILOVETYPO@2x.png */ = {isa = PBXFileReference; lastKnownFileType = image.png; path = "ILOVETYPO@2x.png"; sourceTree = "<group>"; };
		CFFF158A18F5880C00295274 /* HFPStatsTableViewController.h */ = {isa = PBXFileReference; fileEncoding = 4; lastKnownFileType = sourcecode.c.h; path = HFPStatsTableViewController.h; sourceTree = "<group>"; };
		CFFF158B18F5880C00295274 /* HFPStatsTableViewController.m */ = {isa = PBXFileReference; fileEncoding = 4; lastKnownFileType = sourcecode.c.objc; path = HFPStatsTableViewController.m; sourceTree = "<group>"; };
		CFFF158E18F58ABD00295274 /* HFPPhraseMeasureTableViewCell.h */ = {isa = PBXFileReference; fileEncoding = 4; lastKnownFileType = sourcecode.c.h; path = HFPPhraseMeasureTableViewCell.h; sourceTree = "<group>"; };
		CFFF158F18F58ABD00295274 /* HFPPhraseMeasureTableViewCell.m */ = {isa = PBXFileReference; fileEncoding = 4; lastKnownFileType = sourcecode.c.objc; path = HFPPhraseMeasureTableViewCell.m; sourceTree = "<group>"; };
/* End PBXFileReference section */

/* Begin PBXFrameworksBuildPhase section */
		CF4CB4EE18EE5893000E5A3D /* Frameworks */ = {
			isa = PBXFrameworksBuildPhase;
			buildActionMask = 2147483647;
			files = (
				CF4CB52F18EE6406000E5A3D /* AudioToolbox.framework in Frameworks */,
				CF4CB52D18EE6401000E5A3D /* QuartzCore.framework in Frameworks */,
				CF4CB53118EE6414000E5A3D /* Fleksy.framework in Frameworks */,
				CF4CB4F718EE5894000E5A3D /* CoreGraphics.framework in Frameworks */,
				CF4CB4F918EE5894000E5A3D /* UIKit.framework in Frameworks */,
				CF4CB4F518EE5894000E5A3D /* Foundation.framework in Frameworks */,
			);
			runOnlyForDeploymentPostprocessing = 0;
		};
		CF4CB51218EE5894000E5A3D /* Frameworks */ = {
			isa = PBXFrameworksBuildPhase;
			buildActionMask = 2147483647;
			files = (
				CF4CB51718EE5894000E5A3D /* XCTest.framework in Frameworks */,
				CF4CB51918EE5894000E5A3D /* UIKit.framework in Frameworks */,
				CF4CB51818EE5894000E5A3D /* Foundation.framework in Frameworks */,
			);
			runOnlyForDeploymentPostprocessing = 0;
		};
/* End PBXFrameworksBuildPhase section */

/* Begin PBXGroup section */
		CF4CB4E818EE5893000E5A3D = {
			isa = PBXGroup;
			children = (
				CF4CB4FA18EE5894000E5A3D /* HumanFactors */,
				CF4CB51C18EE5894000E5A3D /* HumanFactorsTests */,
				CF4CB4F318EE5894000E5A3D /* Frameworks */,
				CF4CB4F218EE5894000E5A3D /* Products */,
			);
			sourceTree = "<group>";
		};
		CF4CB4F218EE5894000E5A3D /* Products */ = {
			isa = PBXGroup;
			children = (
				CF4CB4F118EE5894000E5A3D /* HumanFactors.app */,
				CF4CB51518EE5894000E5A3D /* HumanFactorsTests.xctest */,
			);
			name = Products;
			sourceTree = "<group>";
		};
		CF4CB4F318EE5894000E5A3D /* Frameworks */ = {
			isa = PBXGroup;
			children = (
				CF4CB53018EE6414000E5A3D /* Fleksy.framework */,
				CF4CB52E18EE6406000E5A3D /* AudioToolbox.framework */,
				CF4CB52C18EE6401000E5A3D /* QuartzCore.framework */,
				CF4CB4F418EE5894000E5A3D /* Foundation.framework */,
				CF4CB4F618EE5894000E5A3D /* CoreGraphics.framework */,
				CF4CB4F818EE5894000E5A3D /* UIKit.framework */,
				CF4CB51618EE5894000E5A3D /* XCTest.framework */,
			);
			name = Frameworks;
			sourceTree = "<group>";
		};
		CF4CB4FA18EE5894000E5A3D /* HumanFactors */ = {
			isa = PBXGroup;
			children = (
				CF4CB50318EE5894000E5A3D /* HFPAppDelegate.h */,
				CF4CB50418EE5894000E5A3D /* HFPAppDelegate.m */,
				CF4CB50618EE5894000E5A3D /* Main.storyboard */,
				CF4CB50C18EE5894000E5A3D /* HFPDetailViewController.h */,
				CF4CB50D18EE5894000E5A3D /* HFPDetailViewController.m */,
				CFFF158A18F5880C00295274 /* HFPStatsTableViewController.h */,
				CFFF158B18F5880C00295274 /* HFPStatsTableViewController.m */,
				CFFF158E18F58ABD00295274 /* HFPPhraseMeasureTableViewCell.h */,
				CFFF158F18F58ABD00295274 /* HFPPhraseMeasureTableViewCell.m */,
				CF483F6918F5E0DC00FD3AF1 /* HFPUsernameViewController.h */,
				CF483F6A18F5E0DC00FD3AF1 /* HFPUsernameViewController.m */,
				CF483F6C18F609F600FD3AF1 /* tickGestureRecognizer.h */,
				CF483F6D18F609F600FD3AF1 /* tickGestureRecognizer.m */,
				CF483F7118F63FA900FD3AF1 /* crossGestureRecognizer.h */,
				CF483F7218F63FA900FD3AF1 /* crossGestureRecognizer.m */,
				CFFF158D18F5882C00295274 /* Data Model */,
				CF4CB50F18EE5894000E5A3D /* Images.xcassets */,
				CFA044B918F4E90B0037970F /* MagicalRecord */,
				CF4CB4FB18EE5894000E5A3D /* Supporting Files */,
			);
			path = HumanFactors;
			sourceTree = "<group>";
		};
		CF4CB4FB18EE5894000E5A3D /* Supporting Files */ = {
			isa = PBXGroup;
			children = (
				CFCE766118EF435B00168802 /* ILOVETYPO@2x.png */,
				CF483F6718F5E00300FD3AF1 /* iTunesArtwork@2x.png */,
				CF483F6F18F6376000FD3AF1 /* tick@2x.png */,
				CF483F7418F64C8D00FD3AF1 /* cross@2x.png */,
				CF4CB4FC18EE5894000E5A3D /* HumanFactors-Info.plist */,
				CF4CB4FD18EE5894000E5A3D /* InfoPlist.strings */,
				CF4CB50018EE5894000E5A3D /* main.m */,
				CF4CB50218EE5894000E5A3D /* HumanFactors-Prefix.pch */,
			);
			name = "Supporting Files";
			sourceTree = "<group>";
		};
		CF4CB51C18EE5894000E5A3D /* HumanFactorsTests */ = {
			isa = PBXGroup;
			children = (
				CF4CB52218EE5894000E5A3D /* HumanFactorsTests.m */,
				CF4CB51D18EE5894000E5A3D /* Supporting Files */,
			);
			path = HumanFactorsTests;
			sourceTree = "<group>";
		};
		CF4CB51D18EE5894000E5A3D /* Supporting Files */ = {
			isa = PBXGroup;
			children = (
				CF4CB51E18EE5894000E5A3D /* HumanFactorsTests-Info.plist */,
				CF4CB51F18EE5894000E5A3D /* InfoPlist.strings */,
			);
			name = "Supporting Files";
			sourceTree = "<group>";
		};
		CFA044B918F4E90B0037970F /* MagicalRecord */ = {
			isa = PBXGroup;
			children = (
				CFA044BA18F4E90B0037970F /* Categories */,
				CFA044E418F4E90B0037970F /* Core */,
				CFA044F518F4E90B0037970F /* CoreData+MagicalRecord.h */,
			);
			path = MagicalRecord;
			sourceTree = "<group>";
		};
		CFA044BA18F4E90B0037970F /* Categories */ = {
			isa = PBXGroup;
			children = (
				CFA044BB18F4E90B0037970F /* DataImport */,
				CFA044CA18F4E90B0037970F /* NSManagedObject */,
				CFA044D518F4E90B0037970F /* NSManagedObjectContext */,
				CFA044DE18F4E90B0037970F /* NSManagedObjectModel+MagicalRecord.h */,
				CFA044DF18F4E90B0037970F /* NSManagedObjectModel+MagicalRecord.m */,
				CFA044E018F4E90B0037970F /* NSPersistentStore+MagicalRecord.h */,
				CFA044E118F4E90B0037970F /* NSPersistentStore+MagicalRecord.m */,
				CFA044E218F4E90B0037970F /* NSPersistentStoreCoordinator+MagicalRecord.h */,
				CFA044E318F4E90B0037970F /* NSPersistentStoreCoordinator+MagicalRecord.m */,
			);
			path = Categories;
			sourceTree = "<group>";
		};
		CFA044BB18F4E90B0037970F /* DataImport */ = {
			isa = PBXGroup;
			children = (
				CFA044BC18F4E90B0037970F /* MagicalImportFunctions.h */,
				CFA044BD18F4E90B0037970F /* MagicalImportFunctions.m */,
				CFA044BE18F4E90B0037970F /* NSAttributeDescription+MagicalDataImport.h */,
				CFA044BF18F4E90B0037970F /* NSAttributeDescription+MagicalDataImport.m */,
				CFA044C018F4E90B0037970F /* NSEntityDescription+MagicalDataImport.h */,
				CFA044C118F4E90B0037970F /* NSEntityDescription+MagicalDataImport.m */,
				CFA044C218F4E90B0037970F /* NSNumber+MagicalDataImport.h */,
				CFA044C318F4E90B0037970F /* NSNumber+MagicalDataImport.m */,
				CFA044C418F4E90B0037970F /* NSObject+MagicalDataImport.h */,
				CFA044C518F4E90B0037970F /* NSObject+MagicalDataImport.m */,
				CFA044C618F4E90B0037970F /* NSRelationshipDescription+MagicalDataImport.h */,
				CFA044C718F4E90B0037970F /* NSRelationshipDescription+MagicalDataImport.m */,
				CFA044C818F4E90B0037970F /* NSString+MagicalDataImport.h */,
				CFA044C918F4E90B0037970F /* NSString+MagicalDataImport.m */,
			);
			path = DataImport;
			sourceTree = "<group>";
		};
		CFA044CA18F4E90B0037970F /* NSManagedObject */ = {
			isa = PBXGroup;
			children = (
				CFA044CB18F4E90B0037970F /* NSManagedObject+MagicalAggregation.h */,
				CFA044CC18F4E90B0037970F /* NSManagedObject+MagicalAggregation.m */,
				CFA044CD18F4E90B0037970F /* NSManagedObject+MagicalDataImport.h */,
				CFA044CE18F4E90B0037970F /* NSManagedObject+MagicalDataImport.m */,
				CFA044CF18F4E90B0037970F /* NSManagedObject+MagicalFinders.h */,
				CFA044D018F4E90B0037970F /* NSManagedObject+MagicalFinders.m */,
				CFA044D118F4E90B0037970F /* NSManagedObject+MagicalRecord.h */,
				CFA044D218F4E90B0037970F /* NSManagedObject+MagicalRecord.m */,
				CFA044D318F4E90B0037970F /* NSManagedObject+MagicalRequests.h */,
				CFA044D418F4E90B0037970F /* NSManagedObject+MagicalRequests.m */,
			);
			path = NSManagedObject;
			sourceTree = "<group>";
		};
		CFA044D518F4E90B0037970F /* NSManagedObjectContext */ = {
			isa = PBXGroup;
			children = (
				CFA044D618F4E90B0037970F /* NSManagedObjectContext+MagicalObserving.h */,
				CFA044D718F4E90B0037970F /* NSManagedObjectContext+MagicalObserving.m */,
				CFA044D818F4E90B0037970F /* NSManagedObjectContext+MagicalRecord.h */,
				CFA044D918F4E90B0037970F /* NSManagedObjectContext+MagicalRecord.m */,
				CFA044DA18F4E90B0037970F /* NSManagedObjectContext+MagicalSaves.h */,
				CFA044DB18F4E90B0037970F /* NSManagedObjectContext+MagicalSaves.m */,
				CFA044DC18F4E90B0037970F /* NSManagedObjectContext+MagicalThreading.h */,
				CFA044DD18F4E90B0037970F /* NSManagedObjectContext+MagicalThreading.m */,
			);
			path = NSManagedObjectContext;
			sourceTree = "<group>";
		};
		CFA044E418F4E90B0037970F /* Core */ = {
			isa = PBXGroup;
			children = (
				CFA044E518F4E90B0037970F /* MagicalRecord+Actions.h */,
				CFA044E618F4E90B0037970F /* MagicalRecord+Actions.m */,
				CFA044E718F4E90B0037970F /* MagicalRecord+ErrorHandling.h */,
				CFA044E818F4E90B0037970F /* MagicalRecord+ErrorHandling.m */,
				CFA044E918F4E90B0037970F /* MagicalRecord+iCloud.h */,
				CFA044EA18F4E90B0037970F /* MagicalRecord+iCloud.m */,
				CFA044EB18F4E90B0037970F /* MagicalRecord+Options.h */,
				CFA044EC18F4E90B0037970F /* MagicalRecord+Options.m */,
				CFA044ED18F4E90B0037970F /* MagicalRecord+Setup.h */,
				CFA044EE18F4E90B0037970F /* MagicalRecord+Setup.m */,
				CFA044EF18F4E90B0037970F /* MagicalRecord+ShorthandSupport.h */,
				CFA044F018F4E90B0037970F /* MagicalRecord+ShorthandSupport.m */,
				CFA044F118F4E90B0037970F /* MagicalRecord.h */,
				CFA044F218F4E90B0037970F /* MagicalRecord.m */,
				CFA044F318F4E90B0037970F /* MagicalRecordLogging.h */,
				CFA044F418F4E90B0037970F /* MagicalRecordShorthand.h */,
			);
			path = Core;
			sourceTree = "<group>";
		};
		CFFF158D18F5882C00295274 /* Data Model */ = {
			isa = PBXGroup;
			children = (
				CFA0451018F4EDBF0037970F /* dataModel.xcdatamodeld */,
				CFA0451318F4EF4E0037970F /* PhraseMeasure.h */,
				CFA0451418F4EF4E0037970F /* PhraseMeasure.m */,
			);
			name = "Data Model";
			sourceTree = "<group>";
		};
/* End PBXGroup section */

/* Begin PBXNativeTarget section */
		CF4CB4F018EE5893000E5A3D /* HumanFactors */ = {
			isa = PBXNativeTarget;
			buildConfigurationList = CF4CB52618EE5894000E5A3D /* Build configuration list for PBXNativeTarget "HumanFactors" */;
			buildPhases = (
				CF4CB4ED18EE5893000E5A3D /* Sources */,
				CF4CB4EE18EE5893000E5A3D /* Frameworks */,
				CF4CB4EF18EE5893000E5A3D /* Resources */,
			);
			buildRules = (
			);
			dependencies = (
			);
			name = HumanFactors;
			productName = HumanFactors;
			productReference = CF4CB4F118EE5894000E5A3D /* HumanFactors.app */;
			productType = "com.apple.product-type.application";
		};
		CF4CB51418EE5894000E5A3D /* HumanFactorsTests */ = {
			isa = PBXNativeTarget;
			buildConfigurationList = CF4CB52918EE5894000E5A3D /* Build configuration list for PBXNativeTarget "HumanFactorsTests" */;
			buildPhases = (
				CF4CB51118EE5894000E5A3D /* Sources */,
				CF4CB51218EE5894000E5A3D /* Frameworks */,
				CF4CB51318EE5894000E5A3D /* Resources */,
			);
			buildRules = (
			);
			dependencies = (
				CF4CB51B18EE5894000E5A3D /* PBXTargetDependency */,
			);
			name = HumanFactorsTests;
			productName = HumanFactorsTests;
			productReference = CF4CB51518EE5894000E5A3D /* HumanFactorsTests.xctest */;
			productType = "com.apple.product-type.bundle.unit-test";
		};
/* End PBXNativeTarget section */

/* Begin PBXProject section */
		CF4CB4E918EE5893000E5A3D /* Project object */ = {
			isa = PBXProject;
			attributes = {
				CLASSPREFIX = HFP;
				LastUpgradeCheck = 0510;
				ORGANIZATIONNAME = "Francisco Javier Álvarez García";
				TargetAttributes = {
					CF4CB4F018EE5893000E5A3D = {
						DevelopmentTeam = 33L4DPU4MB;
					};
					CF4CB51418EE5894000E5A3D = {
						TestTargetID = CF4CB4F018EE5893000E5A3D;
					};
				};
			};
			buildConfigurationList = CF4CB4EC18EE5893000E5A3D /* Build configuration list for PBXProject "HumanFactors" */;
			compatibilityVersion = "Xcode 3.2";
			developmentRegion = English;
			hasScannedForEncodings = 0;
			knownRegions = (
				en,
				Base,
			);
			mainGroup = CF4CB4E818EE5893000E5A3D;
			productRefGroup = CF4CB4F218EE5894000E5A3D /* Products */;
			projectDirPath = "";
			projectRoot = "";
			targets = (
				CF4CB4F018EE5893000E5A3D /* HumanFactors */,
				CF4CB51418EE5894000E5A3D /* HumanFactorsTests */,
			);
		};
/* End PBXProject section */

/* Begin PBXResourcesBuildPhase section */
		CF4CB4EF18EE5893000E5A3D /* Resources */ = {
			isa = PBXResourcesBuildPhase;
			buildActionMask = 2147483647;
			files = (
				CFCE766218EF435B00168802 /* ILOVETYPO@2x.png in Resources */,
				CF483F7018F6376000FD3AF1 /* tick@2x.png in Resources */,
				CF483F6818F5E00300FD3AF1 /* iTunesArtwork@2x.png in Resources */,
				CF4CB51018EE5894000E5A3D /* Images.xcassets in Resources */,
				CF483F7518F64C8D00FD3AF1 /* cross@2x.png in Resources */,
				CF4CB4FF18EE5894000E5A3D /* InfoPlist.strings in Resources */,
				CF4CB50818EE5894000E5A3D /* Main.storyboard in Resources */,
			);
			runOnlyForDeploymentPostprocessing = 0;
		};
		CF4CB51318EE5894000E5A3D /* Resources */ = {
			isa = PBXResourcesBuildPhase;
			buildActionMask = 2147483647;
			files = (
				CF4CB52118EE5894000E5A3D /* InfoPlist.strings in Resources */,
			);
			runOnlyForDeploymentPostprocessing = 0;
		};
/* End PBXResourcesBuildPhase section */

/* Begin PBXSourcesBuildPhase section */
		CF4CB4ED18EE5893000E5A3D /* Sources */ = {
			isa = PBXSourcesBuildPhase;
			buildActionMask = 2147483647;
			files = (
				CF483F7318F63FA900FD3AF1 /* crossGestureRecognizer.m in Sources */,
				CF4CB50E18EE5894000E5A3D /* HFPDetailViewController.m in Sources */,
				CFA0450118F4E90B0037970F /* NSManagedObject+MagicalRequests.m in Sources */,
				CFA0450918F4E90B0037970F /* MagicalRecord+Actions.m in Sources */,
				CFA0450818F4E90B0037970F /* NSPersistentStoreCoordinator+MagicalRecord.m in Sources */,
				CFA044F618F4E90B0037970F /* MagicalImportFunctions.m in Sources */,
				CFA044F718F4E90B0037970F /* NSAttributeDescription+MagicalDataImport.m in Sources */,
				CFA0450B18F4E90B0037970F /* MagicalRecord+iCloud.m in Sources */,
				CFA0450318F4E90B0037970F /* NSManagedObjectContext+MagicalRecord.m in Sources */,
				CFA0450618F4E90B0037970F /* NSManagedObjectModel+MagicalRecord.m in Sources */,
				CF4CB50118EE5894000E5A3D /* main.m in Sources */,
				CFA0450E18F4E90B0037970F /* MagicalRecord+ShorthandSupport.m in Sources */,
				CFA044FF18F4E90B0037970F /* NSManagedObject+MagicalFinders.m in Sources */,
				CFFF158C18F5880C00295274 /* HFPStatsTableViewController.m in Sources */,
				CFA0450218F4E90B0037970F /* NSManagedObjectContext+MagicalObserving.m in Sources */,
				CFA0450018F4E90B0037970F /* NSManagedObject+MagicalRecord.m in Sources */,
				CFA0450418F4E90B0037970F /* NSManagedObjectContext+MagicalSaves.m in Sources */,
				CFA0451518F4EF4E0037970F /* PhraseMeasure.m in Sources */,
				CFA0450718F4E90B0037970F /* NSPersistentStore+MagicalRecord.m in Sources */,
				CFA0450D18F4E90B0037970F /* MagicalRecord+Setup.m in Sources */,
				CFA044F818F4E90B0037970F /* NSEntityDescription+MagicalDataImport.m in Sources */,
				CFA044FC18F4E90B0037970F /* NSString+MagicalDataImport.m in Sources */,
				CFA044FA18F4E90B0037970F /* NSObject+MagicalDataImport.m in Sources */,
				CFA0450C18F4E90B0037970F /* MagicalRecord+Options.m in Sources */,
				CFA044FB18F4E90B0037970F /* NSRelationshipDescription+MagicalDataImport.m in Sources */,
				CFA044FD18F4E90B0037970F /* NSManagedObject+MagicalAggregation.m in Sources */,
				CFA0450518F4E90B0037970F /* NSManagedObjectContext+MagicalThreading.m in Sources */,
				CFA044FE18F4E90B0037970F /* NSManagedObject+MagicalDataImport.m in Sources */,
				CFFF159018F58ABD00295274 /* HFPPhraseMeasureTableViewCell.m in Sources */,
				CFA0451218F4EDBF0037970F /* dataModel.xcdatamodeld in Sources */,
				CF483F6B18F5E0DC00FD3AF1 /* HFPUsernameViewController.m in Sources */,
				CF483F6E18F609F600FD3AF1 /* tickGestureRecognizer.m in Sources */,
				CFA044F918F4E90B0037970F /* NSNumber+MagicalDataImport.m in Sources */,
				CFA0450F18F4E90B0037970F /* MagicalRecord.m in Sources */,
				CF4CB50518EE5894000E5A3D /* HFPAppDelegate.m in Sources */,
				CFA0450A18F4E90B0037970F /* MagicalRecord+ErrorHandling.m in Sources */,
			);
			runOnlyForDeploymentPostprocessing = 0;
		};
		CF4CB51118EE5894000E5A3D /* Sources */ = {
			isa = PBXSourcesBuildPhase;
			buildActionMask = 2147483647;
			files = (
				CF4CB52318EE5894000E5A3D /* HumanFactorsTests.m in Sources */,
			);
			runOnlyForDeploymentPostprocessing = 0;
		};
/* End PBXSourcesBuildPhase section */

/* Begin PBXTargetDependency section */
		CF4CB51B18EE5894000E5A3D /* PBXTargetDependency */ = {
			isa = PBXTargetDependency;
			target = CF4CB4F018EE5893000E5A3D /* HumanFactors */;
			targetProxy = CF4CB51A18EE5894000E5A3D /* PBXContainerItemProxy */;
		};
/* End PBXTargetDependency section */

/* Begin PBXVariantGroup section */
		CF4CB4FD18EE5894000E5A3D /* InfoPlist.strings */ = {
			isa = PBXVariantGroup;
			children = (
				CF4CB4FE18EE5894000E5A3D /* en */,
			);
			name = InfoPlist.strings;
			sourceTree = "<group>";
		};
		CF4CB50618EE5894000E5A3D /* Main.storyboard */ = {
			isa = PBXVariantGroup;
			children = (
				CF4CB50718EE5894000E5A3D /* Base */,
			);
			name = Main.storyboard;
			sourceTree = "<group>";
		};
		CF4CB51F18EE5894000E5A3D /* InfoPlist.strings */ = {
			isa = PBXVariantGroup;
			children = (
				CF4CB52018EE5894000E5A3D /* en */,
			);
			name = InfoPlist.strings;
			sourceTree = "<group>";
		};
/* End PBXVariantGroup section */

/* Begin XCBuildConfiguration section */
		CF4CB52418EE5894000E5A3D /* Debug */ = {
			isa = XCBuildConfiguration;
			buildSettings = {
				ALWAYS_SEARCH_USER_PATHS = NO;
				CLANG_CXX_LANGUAGE_STANDARD = "gnu++0x";
				CLANG_CXX_LIBRARY = "libc++";
				CLANG_ENABLE_MODULES = YES;
				CLANG_ENABLE_OBJC_ARC = YES;
				CLANG_WARN_BOOL_CONVERSION = YES;
				CLANG_WARN_CONSTANT_CONVERSION = YES;
				CLANG_WARN_DIRECT_OBJC_ISA_USAGE = YES_ERROR;
				CLANG_WARN_EMPTY_BODY = YES;
				CLANG_WARN_ENUM_CONVERSION = YES;
				CLANG_WARN_INT_CONVERSION = YES;
				CLANG_WARN_OBJC_ROOT_CLASS = YES_ERROR;
				CLANG_WARN__DUPLICATE_METHOD_MATCH = YES;
				"CODE_SIGN_IDENTITY[sdk=iphoneos*]" = "iPhone Developer";
				COPY_PHASE_STRIP = NO;
				GCC_C_LANGUAGE_STANDARD = gnu99;
				GCC_DYNAMIC_NO_PIC = NO;
				GCC_OPTIMIZATION_LEVEL = 0;
				GCC_PREPROCESSOR_DEFINITIONS = (
					"DEBUG=1",
					"$(inherited)",
				);
				GCC_SYMBOLS_PRIVATE_EXTERN = NO;
				GCC_WARN_64_TO_32_BIT_CONVERSION = YES;
				GCC_WARN_ABOUT_RETURN_TYPE = YES_ERROR;
				GCC_WARN_UNDECLARED_SELECTOR = YES;
				GCC_WARN_UNINITIALIZED_AUTOS = YES_AGGRESSIVE;
				GCC_WARN_UNUSED_FUNCTION = YES;
				GCC_WARN_UNUSED_VARIABLE = YES;
				IPHONEOS_DEPLOYMENT_TARGET = 7.1;
				ONLY_ACTIVE_ARCH = YES;
				SDKROOT = iphoneos;
			};
			name = Debug;
		};
		CF4CB52518EE5894000E5A3D /* Release */ = {
			isa = XCBuildConfiguration;
			buildSettings = {
				ALWAYS_SEARCH_USER_PATHS = NO;
				CLANG_CXX_LANGUAGE_STANDARD = "gnu++0x";
				CLANG_CXX_LIBRARY = "libc++";
				CLANG_ENABLE_MODULES = YES;
				CLANG_ENABLE_OBJC_ARC = YES;
				CLANG_WARN_BOOL_CONVERSION = YES;
				CLANG_WARN_CONSTANT_CONVERSION = YES;
				CLANG_WARN_DIRECT_OBJC_ISA_USAGE = YES_ERROR;
				CLANG_WARN_EMPTY_BODY = YES;
				CLANG_WARN_ENUM_CONVERSION = YES;
				CLANG_WARN_INT_CONVERSION = YES;
				CLANG_WARN_OBJC_ROOT_CLASS = YES_ERROR;
				CLANG_WARN__DUPLICATE_METHOD_MATCH = YES;
				"CODE_SIGN_IDENTITY[sdk=iphoneos*]" = "iPhone Developer";
				COPY_PHASE_STRIP = YES;
				ENABLE_NS_ASSERTIONS = NO;
				GCC_C_LANGUAGE_STANDARD = gnu99;
				GCC_WARN_64_TO_32_BIT_CONVERSION = YES;
				GCC_WARN_ABOUT_RETURN_TYPE = YES_ERROR;
				GCC_WARN_UNDECLARED_SELECTOR = YES;
				GCC_WARN_UNINITIALIZED_AUTOS = YES_AGGRESSIVE;
				GCC_WARN_UNUSED_FUNCTION = YES;
				GCC_WARN_UNUSED_VARIABLE = YES;
				IPHONEOS_DEPLOYMENT_TARGET = 7.1;
				SDKROOT = iphoneos;
				VALIDATE_PRODUCT = YES;
			};
			name = Release;
		};
		CF4CB52718EE5894000E5A3D /* Debug */ = {
			isa = XCBuildConfiguration;
			buildSettings = {
				ASSETCATALOG_COMPILER_APPICON_NAME = AppIcon;
				ASSETCATALOG_COMPILER_LAUNCHIMAGE_NAME = LaunchImage;
				CODE_SIGN_IDENTITY = "iPhone Developer";
				FRAMEWORK_SEARCH_PATHS = (
					"$(inherited)",
					"$(PROJECT_DIR)",
				);
				GCC_PRECOMPILE_PREFIX_HEADER = YES;
				GCC_PREFIX_HEADER = "HumanFactors/HumanFactors-Prefix.pch";
				INFOPLIST_FILE = "HumanFactors/HumanFactors-Info.plist";
				"OTHER_LDFLAGS[arch=*]" = (
					"-lc++",
					"-ObjC",
				);
				PRODUCT_NAME = "$(TARGET_NAME)";
				WRAPPER_EXTENSION = app;
			};
			name = Debug;
		};
		CF4CB52818EE5894000E5A3D /* Release */ = {
			isa = XCBuildConfiguration;
			buildSettings = {
				ASSETCATALOG_COMPILER_APPICON_NAME = AppIcon;
				ASSETCATALOG_COMPILER_LAUNCHIMAGE_NAME = LaunchImage;
				CODE_SIGN_IDENTITY = "iPhone Developer";
				FRAMEWORK_SEARCH_PATHS = (
					"$(inherited)",
					"$(PROJECT_DIR)",
				);
				GCC_PRECOMPILE_PREFIX_HEADER = YES;
				GCC_PREFIX_HEADER = "HumanFactors/HumanFactors-Prefix.pch";
				INFOPLIST_FILE = "HumanFactors/HumanFactors-Info.plist";
				"OTHER_LDFLAGS[arch=*]" = (
					"-lc++",
					"-ObjC",
				);
				PRODUCT_NAME = "$(TARGET_NAME)";
				WRAPPER_EXTENSION = app;
			};
			name = Release;
		};
		CF4CB52A18EE5894000E5A3D /* Debug */ = {
			isa = XCBuildConfiguration;
			buildSettings = {
				BUNDLE_LOADER = "$(BUILT_PRODUCTS_DIR)/HumanFactors.app/HumanFactors";
				FRAMEWORK_SEARCH_PATHS = (
					"$(SDKROOT)/Developer/Library/Frameworks",
					"$(inherited)",
					"$(DEVELOPER_FRAMEWORKS_DIR)",
				);
				GCC_PRECOMPILE_PREFIX_HEADER = YES;
				GCC_PREFIX_HEADER = "HumanFactors/HumanFactors-Prefix.pch";
				GCC_PREPROCESSOR_DEFINITIONS = (
					"DEBUG=1",
					"$(inherited)",
				);
				INFOPLIST_FILE = "HumanFactorsTests/HumanFactorsTests-Info.plist";
				PRODUCT_NAME = "$(TARGET_NAME)";
				TEST_HOST = "$(BUNDLE_LOADER)";
				WRAPPER_EXTENSION = xctest;
			};
			name = Debug;
		};
		CF4CB52B18EE5894000E5A3D /* Release */ = {
			isa = XCBuildConfiguration;
			buildSettings = {
				BUNDLE_LOADER = "$(BUILT_PRODUCTS_DIR)/HumanFactors.app/HumanFactors";
				FRAMEWORK_SEARCH_PATHS = (
					"$(SDKROOT)/Developer/Library/Frameworks",
					"$(inherited)",
					"$(DEVELOPER_FRAMEWORKS_DIR)",
				);
				GCC_PRECOMPILE_PREFIX_HEADER = YES;
				GCC_PREFIX_HEADER = "HumanFactors/HumanFactors-Prefix.pch";
				INFOPLIST_FILE = "HumanFactorsTests/HumanFactorsTests-Info.plist";
				PRODUCT_NAME = "$(TARGET_NAME)";
				TEST_HOST = "$(BUNDLE_LOADER)";
				WRAPPER_EXTENSION = xctest;
			};
			name = Release;
		};
/* End XCBuildConfiguration section */

/* Begin XCConfigurationList section */
		CF4CB4EC18EE5893000E5A3D /* Build configuration list for PBXProject "HumanFactors" */ = {
			isa = XCConfigurationList;
			buildConfigurations = (
				CF4CB52418EE5894000E5A3D /* Debug */,
				CF4CB52518EE5894000E5A3D /* Release */,
			);
			defaultConfigurationIsVisible = 0;
			defaultConfigurationName = Release;
		};
		CF4CB52618EE5894000E5A3D /* Build configuration list for PBXNativeTarget "HumanFactors" */ = {
			isa = XCConfigurationList;
			buildConfigurations = (
				CF4CB52718EE5894000E5A3D /* Debug */,
				CF4CB52818EE5894000E5A3D /* Release */,
			);
			defaultConfigurationIsVisible = 0;
			defaultConfigurationName = Release;
		};
		CF4CB52918EE5894000E5A3D /* Build configuration list for PBXNativeTarget "HumanFactorsTests" */ = {
			isa = XCConfigurationList;
			buildConfigurations = (
				CF4CB52A18EE5894000E5A3D /* Debug */,
				CF4CB52B18EE5894000E5A3D /* Release */,
			);
			defaultConfigurationIsVisible = 0;
			defaultConfigurationName = Release;
		};
/* End XCConfigurationList section */

/* Begin XCVersionGroup section */
		CFA0451018F4EDBF0037970F /* dataModel.xcdatamodeld */ = {
			isa = XCVersionGroup;
			children = (
				CFA0451118F4EDBF0037970F /* dataModel.xcdatamodel */,
			);
			currentVersion = CFA0451118F4EDBF0037970F /* dataModel.xcdatamodel */;
			path = dataModel.xcdatamodeld;
			sourceTree = "<group>";
			versionGroupType = wrapper.xcdatamodel;
		};
/* End XCVersionGroup section */
	};
	rootObject = CF4CB4E918EE5893000E5A3D /* Project object */;
}
